// !$*UTF8*$!
{
	archiveVersion = 1;
	classes = {
	};
	objectVersion = 50;
	objects = {

/* Begin PBXBuildFile section */
		63DB4DB020FCB164000EF93A /* AppDelegate.swift in Sources */ = {isa = PBXBuildFile; fileRef = 63DB4DAF20FCB164000EF93A /* AppDelegate.swift */; };
		63DB4DB220FCB164000EF93A /* ViewController.swift in Sources */ = {isa = PBXBuildFile; fileRef = 63DB4DB120FCB164000EF93A /* ViewController.swift */; };
		63DB4DB520FCB164000EF93A /* Main.storyboard in Resources */ = {isa = PBXBuildFile; fileRef = 63DB4DB320FCB164000EF93A /* Main.storyboard */; };
		63DB4DB720FCB164000EF93A /* Assets.xcassets in Resources */ = {isa = PBXBuildFile; fileRef = 63DB4DB620FCB164000EF93A /* Assets.xcassets */; };
		63DB4DBA20FCB164000EF93A /* LaunchScreen.storyboard in Resources */ = {isa = PBXBuildFile; fileRef = 63DB4DB820FCB164000EF93A /* LaunchScreen.storyboard */; };
		63DB4DC520FCB165000EF93A /* MusicPlayerTests.swift in Sources */ = {isa = PBXBuildFile; fileRef = 63DB4DC420FCB165000EF93A /* MusicPlayerTests.swift */; };
		63DB4DD020FCB165000EF93A /* MusicPlayerUITests.swift in Sources */ = {isa = PBXBuildFile; fileRef = 63DB4DCF20FCB165000EF93A /* MusicPlayerUITests.swift */; };
/* End PBXBuildFile section */

/* Begin PBXContainerItemProxy section */
		63DB4DC120FCB165000EF93A /* PBXContainerItemProxy */ = {
			isa = PBXContainerItemProxy;
			containerPortal = 63DB4DA420FCB164000EF93A /* Project object */;
			proxyType = 1;
			remoteGlobalIDString = 63DB4DAB20FCB164000EF93A;
			remoteInfo = MusicPlayer;
		};
		63DB4DCC20FCB165000EF93A /* PBXContainerItemProxy */ = {
			isa = PBXContainerItemProxy;
			containerPortal = 63DB4DA420FCB164000EF93A /* Project object */;
			proxyType = 1;
			remoteGlobalIDString = 63DB4DAB20FCB164000EF93A;
			remoteInfo = MusicPlayer;
		};
/* End PBXContainerItemProxy section */

/* Begin PBXFileReference section */
		63DB4DAC20FCB164000EF93A /* MusicPlayer.app */ = {isa = PBXFileReference; explicitFileType = wrapper.application; includeInIndex = 0; path = MusicPlayer.app; sourceTree = BUILT_PRODUCTS_DIR; };
		63DB4DAF20FCB164000EF93A /* AppDelegate.swift */ = {isa = PBXFileReference; lastKnownFileType = sourcecode.swift; path = AppDelegate.swift; sourceTree = "<group>"; };
		63DB4DB120FCB164000EF93A /* ViewController.swift */ = {isa = PBXFileReference; lastKnownFileType = sourcecode.swift; path = ViewController.swift; sourceTree = "<group>"; };
		63DB4DB420FCB164000EF93A /* Base */ = {isa = PBXFileReference; lastKnownFileType = file.storyboard; name = Base; path = Base.lproj/Main.storyboard; sourceTree = "<group>"; };
		63DB4DB620FCB164000EF93A /* Assets.xcassets */ = {isa = PBXFileReference; lastKnownFileType = folder.assetcatalog; path = Assets.xcassets; sourceTree = "<group>"; };
		63DB4DB920FCB164000EF93A /* Base */ = {isa = PBXFileReference; lastKnownFileType = file.storyboard; name = Base; path = Base.lproj/LaunchScreen.storyboard; sourceTree = "<group>"; };
		63DB4DBB20FCB164000EF93A /* Info.plist */ = {isa = PBXFileReference; lastKnownFileType = text.plist.xml; path = Info.plist; sourceTree = "<group>"; };
		63DB4DC020FCB165000EF93A /* MusicPlayerTests.xctest */ = {isa = PBXFileReference; explicitFileType = wrapper.cfbundle; includeInIndex = 0; path = MusicPlayerTests.xctest; sourceTree = BUILT_PRODUCTS_DIR; };
		63DB4DC420FCB165000EF93A /* MusicPlayerTests.swift */ = {isa = PBXFileReference; lastKnownFileType = sourcecode.swift; path = MusicPlayerTests.swift; sourceTree = "<group>"; };
		63DB4DC620FCB165000EF93A /* Info.plist */ = {isa = PBXFileReference; lastKnownFileType = text.plist.xml; path = Info.plist; sourceTree = "<group>"; };
		63DB4DCB20FCB165000EF93A /* MusicPlayerUITests.xctest */ = {isa = PBXFileReference; explicitFileType = wrapper.cfbundle; includeInIndex = 0; path = MusicPlayerUITests.xctest; sourceTree = BUILT_PRODUCTS_DIR; };
		63DB4DCF20FCB165000EF93A /* MusicPlayerUITests.swift */ = {isa = PBXFileReference; lastKnownFileType = sourcecode.swift; path = MusicPlayerUITests.swift; sourceTree = "<group>"; };
		63DB4DD120FCB165000EF93A /* Info.plist */ = {isa = PBXFileReference; lastKnownFileType = text.plist.xml; path = Info.plist; sourceTree = "<group>"; };
/* End PBXFileReference section */

/* Begin PBXFrameworksBuildPhase section */
		63DB4DA920FCB164000EF93A /* Frameworks */ = {
			isa = PBXFrameworksBuildPhase;
			buildActionMask = 2147483647;
			files = (
			);
			runOnlyForDeploymentPostprocessing = 0;
		};
		63DB4DBD20FCB165000EF93A /* Frameworks */ = {
			isa = PBXFrameworksBuildPhase;
			buildActionMask = 2147483647;
			files = (
			);
			runOnlyForDeploymentPostprocessing = 0;
		};
		63DB4DC820FCB165000EF93A /* Frameworks */ = {
			isa = PBXFrameworksBuildPhase;
			buildActionMask = 2147483647;
			files = (
			);
			runOnlyForDeploymentPostprocessing = 0;
		};
/* End PBXFrameworksBuildPhase section */

/* Begin PBXGroup section */
		63DB4DA320FCB164000EF93A = {
			isa = PBXGroup;
			children = (
				63DB4DAE20FCB164000EF93A /* MusicPlayer */,
				63DB4DC320FCB165000EF93A /* MusicPlayerTests */,
				63DB4DCE20FCB165000EF93A /* MusicPlayerUITests */,
				63DB4DAD20FCB164000EF93A /* Products */,
			);
			sourceTree = "<group>";
		};
		63DB4DAD20FCB164000EF93A /* Products */ = {
			isa = PBXGroup;
			children = (
				63DB4DAC20FCB164000EF93A /* MusicPlayer.app */,
				63DB4DC020FCB165000EF93A /* MusicPlayerTests.xctest */,
				63DB4DCB20FCB165000EF93A /* MusicPlayerUITests.xctest */,
			);
			name = Products;
			sourceTree = "<group>";
		};
		63DB4DAE20FCB164000EF93A /* MusicPlayer */ = {
			isa = PBXGroup;
			children = (
				63DB4DAF20FCB164000EF93A /* AppDelegate.swift */,
				63DB4DB120FCB164000EF93A /* ViewController.swift */,
				63DB4DB320FCB164000EF93A /* Main.storyboard */,
				63DB4DB620FCB164000EF93A /* Assets.xcassets */,
				63DB4DB820FCB164000EF93A /* LaunchScreen.storyboard */,
				63DB4DBB20FCB164000EF93A /* Info.plist */,
			);
			path = MusicPlayer;
			sourceTree = "<group>";
		};
		63DB4DC320FCB165000EF93A /* MusicPlayerTests */ = {
			isa = PBXGroup;
			children = (
				63DB4DC420FCB165000EF93A /* MusicPlayerTests.swift */,
				63DB4DC620FCB165000EF93A /* Info.plist */,
			);
			path = MusicPlayerTests;
			sourceTree = "<group>";
		};
		63DB4DCE20FCB165000EF93A /* MusicPlayerUITests */ = {
			isa = PBXGroup;
			children = (
				63DB4DCF20FCB165000EF93A /* MusicPlayerUITests.swift */,
				63DB4DD120FCB165000EF93A /* Info.plist */,
			);
			path = MusicPlayerUITests;
			sourceTree = "<group>";
		};
/* End PBXGroup section */

/* Begin PBXNativeTarget section */
		63DB4DAB20FCB164000EF93A /* MusicPlayer */ = {
			isa = PBXNativeTarget;
			buildConfigurationList = 63DB4DD420FCB165000EF93A /* Build configuration list for PBXNativeTarget "MusicPlayer" */;
			buildPhases = (
				63DB4DA820FCB164000EF93A /* Sources */,
				63DB4DA920FCB164000EF93A /* Frameworks */,
				63DB4DAA20FCB164000EF93A /* Resources */,
			);
			buildRules = (
			);
			dependencies = (
			);
			name = MusicPlayer;
			productName = MusicPlayer;
			productReference = 63DB4DAC20FCB164000EF93A /* MusicPlayer.app */;
			productType = "com.apple.product-type.application";
		};
		63DB4DBF20FCB165000EF93A /* MusicPlayerTests */ = {
			isa = PBXNativeTarget;
			buildConfigurationList = 63DB4DD720FCB165000EF93A /* Build configuration list for PBXNativeTarget "MusicPlayerTests" */;
			buildPhases = (
				63DB4DBC20FCB165000EF93A /* Sources */,
				63DB4DBD20FCB165000EF93A /* Frameworks */,
				63DB4DBE20FCB165000EF93A /* Resources */,
			);
			buildRules = (
			);
			dependencies = (
				63DB4DC220FCB165000EF93A /* PBXTargetDependency */,
			);
			name = MusicPlayerTests;
			productName = MusicPlayerTests;
			productReference = 63DB4DC020FCB165000EF93A /* MusicPlayerTests.xctest */;
			productType = "com.apple.product-type.bundle.unit-test";
		};
		63DB4DCA20FCB165000EF93A /* MusicPlayerUITests */ = {
			isa = PBXNativeTarget;
			buildConfigurationList = 63DB4DDA20FCB165000EF93A /* Build configuration list for PBXNativeTarget "MusicPlayerUITests" */;
			buildPhases = (
				63DB4DC720FCB165000EF93A /* Sources */,
				63DB4DC820FCB165000EF93A /* Frameworks */,
				63DB4DC920FCB165000EF93A /* Resources */,
			);
			buildRules = (
			);
			dependencies = (
				63DB4DCD20FCB165000EF93A /* PBXTargetDependency */,
			);
			name = MusicPlayerUITests;
			productName = MusicPlayerUITests;
			productReference = 63DB4DCB20FCB165000EF93A /* MusicPlayerUITests.xctest */;
			productType = "com.apple.product-type.bundle.ui-testing";
		};
/* End PBXNativeTarget section */

/* Begin PBXProject section */
		63DB4DA420FCB164000EF93A /* Project object */ = {
			isa = PBXProject;
			attributes = {
				LastSwiftUpdateCheck = 0940;
				LastUpgradeCheck = 0940;
				ORGANIZATIONNAME = MacUser;
				TargetAttributes = {
					63DB4DAB20FCB164000EF93A = {
						CreatedOnToolsVersion = 9.4.1;
					};
					63DB4DBF20FCB165000EF93A = {
						CreatedOnToolsVersion = 9.4.1;
						TestTargetID = 63DB4DAB20FCB164000EF93A;
					};
					63DB4DCA20FCB165000EF93A = {
						CreatedOnToolsVersion = 9.4.1;
						TestTargetID = 63DB4DAB20FCB164000EF93A;
					};
				};
			};
			buildConfigurationList = 63DB4DA720FCB164000EF93A /* Build configuration list for PBXProject "MusicPlayer" */;
			compatibilityVersion = "Xcode 9.3";
			developmentRegion = en;
			hasScannedForEncodings = 0;
			knownRegions = (
				en,
				Base,
			);
			mainGroup = 63DB4DA320FCB164000EF93A;
			productRefGroup = 63DB4DAD20FCB164000EF93A /* Products */;
			projectDirPath = "";
			projectRoot = "";
			targets = (
				63DB4DAB20FCB164000EF93A /* MusicPlayer */,
				63DB4DBF20FCB165000EF93A /* MusicPlayerTests */,
				63DB4DCA20FCB165000EF93A /* MusicPlayerUITests */,
			);
		};
/* End PBXProject section */

/* Begin PBXResourcesBuildPhase section */
		63DB4DAA20FCB164000EF93A /* Resources */ = {
			isa = PBXResourcesBuildPhase;
			buildActionMask = 2147483647;
			files = (
				63DB4DBA20FCB164000EF93A /* LaunchScreen.storyboard in Resources */,
				63DB4DB720FCB164000EF93A /* Assets.xcassets in Resources */,
				63DB4DB520FCB164000EF93A /* Main.storyboard in Resources */,
			);
			runOnlyForDeploymentPostprocessing = 0;
		};
		63DB4DBE20FCB165000EF93A /* Resources */ = {
			isa = PBXResourcesBuildPhase;
			buildActionMask = 2147483647;
			files = (
			);
			runOnlyForDeploymentPostprocessing = 0;
		};
		63DB4DC920FCB165000EF93A /* Resources */ = {
			isa = PBXResourcesBuildPhase;
			buildActionMask = 2147483647;
			files = (
			);
			runOnlyForDeploymentPostprocessing = 0;
		};
/* End PBXResourcesBuildPhase section */

/* Begin PBXSourcesBuildPhase section */
		63DB4DA820FCB164000EF93A /* Sources */ = {
			isa = PBXSourcesBuildPhase;
			buildActionMask = 2147483647;
			files = (
				63DB4DB220FCB164000EF93A /* ViewController.swift in Sources */,
				63DB4DB020FCB164000EF93A /* AppDelegate.swift in Sources */,
			);
			runOnlyForDeploymentPostprocessing = 0;
		};
		63DB4DBC20FCB165000EF93A /* Sources */ = {
			isa = PBXSourcesBuildPhase;
			buildActionMask = 2147483647;
			files = (
				63DB4DC520FCB165000EF93A /* MusicPlayerTests.swift in Sources */,
			);
			runOnlyForDeploymentPostprocessing = 0;
		};
		63DB4DC720FCB165000EF93A /* Sources */ = {
			isa = PBXSourcesBuildPhase;
			buildActionMask = 2147483647;
			files = (
				63DB4DD020FCB165000EF93A /* MusicPlayerUITests.swift in Sources */,
			);
			runOnlyForDeploymentPostprocessing = 0;
		};
/* End PBXSourcesBuildPhase section */

/* Begin PBXTargetDependency section */
		63DB4DC220FCB165000EF93A /* PBXTargetDependency */ = {
			isa = PBXTargetDependency;
			target = 63DB4DAB20FCB164000EF93A /* MusicPlayer */;
			targetProxy = 63DB4DC120FCB165000EF93A /* PBXContainerItemProxy */;
		};
		63DB4DCD20FCB165000EF93A /* PBXTargetDependency */ = {
			isa = PBXTargetDependency;
			target = 63DB4DAB20FCB164000EF93A /* MusicPlayer */;
			targetProxy = 63DB4DCC20FCB165000EF93A /* PBXContainerItemProxy */;
		};
/* End PBXTargetDependency section */

/* Begin PBXVariantGroup section */
		63DB4DB320FCB164000EF93A /* Main.storyboard */ = {
			isa = PBXVariantGroup;
			children = (
				63DB4DB420FCB164000EF93A /* Base */,
			);
			name = Main.storyboard;
			sourceTree = "<group>";
		};
		63DB4DB820FCB164000EF93A /* LaunchScreen.storyboard */ = {
			isa = PBXVariantGroup;
			children = (
				63DB4DB920FCB164000EF93A /* Base */,
			);
			name = LaunchScreen.storyboard;
			sourceTree = "<group>";
		};
/* End PBXVariantGroup section */

/* Begin XCBuildConfiguration section */
		63DB4DD220FCB165000EF93A /* Debug */ = {
			isa = XCBuildConfiguration;
			buildSettings = {
				ALWAYS_SEARCH_USER_PATHS = NO;
				CLANG_ANALYZER_NONNULL = YES;
				CLANG_ANALYZER_NUMBER_OBJECT_CONVERSION = YES_AGGRESSIVE;
				CLANG_CXX_LANGUAGE_STANDARD = "gnu++14";
				CLANG_CXX_LIBRARY = "libc++";
				CLANG_ENABLE_MODULES = YES;
				CLANG_ENABLE_OBJC_ARC = YES;
				CLANG_ENABLE_OBJC_WEAK = YES;
				CLANG_WARN_BLOCK_CAPTURE_AUTORELEASING = YES;
				CLANG_WARN_BOOL_CONVERSION = YES;
				CLANG_WARN_COMMA = YES;
				CLANG_WARN_CONSTANT_CONVERSION = YES;
				CLANG_WARN_DEPRECATED_OBJC_IMPLEMENTATIONS = YES;
				CLANG_WARN_DIRECT_OBJC_ISA_USAGE = YES_ERROR;
				CLANG_WARN_DOCUMENTATION_COMMENTS = YES;
				CLANG_WARN_EMPTY_BODY = YES;
				CLANG_WARN_ENUM_CONVERSION = YES;
				CLANG_WARN_INFINITE_RECURSION = YES;
				CLANG_WARN_INT_CONVERSION = YES;
				CLANG_WARN_NON_LITERAL_NULL_CONVERSION = YES;
				CLANG_WARN_OBJC_IMPLICIT_RETAIN_SELF = YES;
				CLANG_WARN_OBJC_LITERAL_CONVERSION = YES;
				CLANG_WARN_OBJC_ROOT_CLASS = YES_ERROR;
				CLANG_WARN_RANGE_LOOP_ANALYSIS = YES;
				CLANG_WARN_STRICT_PROTOTYPES = YES;
				CLANG_WARN_SUSPICIOUS_MOVE = YES;
				CLANG_WARN_UNGUARDED_AVAILABILITY = YES_AGGRESSIVE;
				CLANG_WARN_UNREACHABLE_CODE = YES;
				CLANG_WARN__DUPLICATE_METHOD_MATCH = YES;
				CODE_SIGN_IDENTITY = "iPhone Developer";
				COPY_PHASE_STRIP = NO;
				DEBUG_INFORMATION_FORMAT = dwarf;
				ENABLE_STRICT_OBJC_MSGSEND = YES;
				ENABLE_TESTABILITY = YES;
				GCC_C_LANGUAGE_STANDARD = gnu11;
				GCC_DYNAMIC_NO_PIC = NO;
				GCC_NO_COMMON_BLOCKS = YES;
				GCC_OPTIMIZATION_LEVEL = 0;
				GCC_PREPROCESSOR_DEFINITIONS = (
					"DEBUG=1",
					"$(inherited)",
				);
				GCC_WARN_64_TO_32_BIT_CONVERSION = YES;
				GCC_WARN_ABOUT_RETURN_TYPE = YES_ERROR;
				GCC_WARN_UNDECLARED_SELECTOR = YES;
				GCC_WARN_UNINITIALIZED_AUTOS = YES_AGGRESSIVE;
				GCC_WARN_UNUSED_FUNCTION = YES;
				GCC_WARN_UNUSED_VARIABLE = YES;
				IPHONEOS_DEPLOYMENT_TARGET = 11.4;
				MTL_ENABLE_DEBUG_INFO = YES;
				ONLY_ACTIVE_ARCH = YES;
				SDKROOT = iphoneos;
				SWIFT_ACTIVE_COMPILATION_CONDITIONS = DEBUG;
				SWIFT_OPTIMIZATION_LEVEL = "-Onone";
			};
			name = Debug;
		};
		63DB4DD320FCB165000EF93A /* Release */ = {
			isa = XCBuildConfiguration;
			buildSettings = {
				ALWAYS_SEARCH_USER_PATHS = NO;
				CLANG_ANALYZER_NONNULL = YES;
				CLANG_ANALYZER_NUMBER_OBJECT_CONVERSION = YES_AGGRESSIVE;
				CLANG_CXX_LANGUAGE_STANDARD = "gnu++14";
				CLANG_CXX_LIBRARY = "libc++";
				CLANG_ENABLE_MODULES = YES;
				CLANG_ENABLE_OBJC_ARC = YES;
				CLANG_ENABLE_OBJC_WEAK = YES;
				CLANG_WARN_BLOCK_CAPTURE_AUTORELEASING = YES;
				CLANG_WARN_BOOL_CONVERSION = YES;
				CLANG_WARN_COMMA = YES;
				CLANG_WARN_CONSTANT_CONVERSION = YES;
				CLANG_WARN_DEPRECATED_OBJC_IMPLEMENTATIONS = YES;
				CLANG_WARN_DIRECT_OBJC_ISA_USAGE = YES_ERROR;
				CLANG_WARN_DOCUMENTATION_COMMENTS = YES;
				CLANG_WARN_EMPTY_BODY = YES;
				CLANG_WARN_ENUM_CONVERSION = YES;
				CLANG_WARN_INFINITE_RECURSION = YES;
				CLANG_WARN_INT_CONVERSION = YES;
				CLANG_WARN_NON_LITERAL_NULL_CONVERSION = YES;
				CLANG_WARN_OBJC_IMPLICIT_RETAIN_SELF = YES;
				CLANG_WARN_OBJC_LITERAL_CONVERSION = YES;
				CLANG_WARN_OBJC_ROOT_CLASS = YES_ERROR;
				CLANG_WARN_RANGE_LOOP_ANALYSIS = YES;
				CLANG_WARN_STRICT_PROTOTYPES = YES;
				CLANG_WARN_SUSPICIOUS_MOVE = YES;
				CLANG_WARN_UNGUARDED_AVAILABILITY = YES_AGGRESSIVE;
				CLANG_WARN_UNREACHABLE_CODE = YES;
				CLANG_WARN__DUPLICATE_METHOD_MATCH = YES;
				CODE_SIGN_IDENTITY = "iPhone Developer";
				COPY_PHASE_STRIP = NO;
				DEBUG_INFORMATION_FORMAT = "dwarf-with-dsym";
				ENABLE_NS_ASSERTIONS = NO;
				ENABLE_STRICT_OBJC_MSGSEND = YES;
				GCC_C_LANGUAGE_STANDARD = gnu11;
				GCC_NO_COMMON_BLOCKS = YES;
				GCC_WARN_64_TO_32_BIT_CONVERSION = YES;
				GCC_WARN_ABOUT_RETURN_TYPE = YES_ERROR;
				GCC_WARN_UNDECLARED_SELECTOR = YES;
				GCC_WARN_UNINITIALIZED_AUTOS = YES_AGGRESSIVE;
				GCC_WARN_UNUSED_FUNCTION = YES;
				GCC_WARN_UNUSED_VARIABLE = YES;
				IPHONEOS_DEPLOYMENT_TARGET = 11.4;
				MTL_ENABLE_DEBUG_INFO = NO;
				SDKROOT = iphoneos;
				SWIFT_COMPILATION_MODE = wholemodule;
				SWIFT_OPTIMIZATION_LEVEL = "-O";
				VALIDATE_PRODUCT = YES;
			};
			name = Release;
		};
		63DB4DD520FCB165000EF93A /* Debug */ = {
			isa = XCBuildConfiguration;
			buildSettings = {
				ASSETCATALOG_COMPILER_APPICON_NAME = AppIcon;
				CODE_SIGN_STYLE = Automatic;
				INFOPLIST_FILE = MusicPlayer/Info.plist;
				LD_RUNPATH_SEARCH_PATHS = (
					"$(inherited)",
					"@executable_path/Frameworks",
				);
				PRODUCT_BUNDLE_IDENTIFIER = test.MusicPlayer;
				PRODUCT_NAME = "$(TARGET_NAME)";
				SWIFT_VERSION = 4.0;
				TARGETED_DEVICE_FAMILY = "1,2";
			};
			name = Debug;
		};
		63DB4DD620FCB165000EF93A /* Release */ = {
			isa = XCBuildConfiguration;
			buildSettings = {
				ASSETCATALOG_COMPILER_APPICON_NAME = AppIcon;
				CODE_SIGN_STYLE = Automatic;
				INFOPLIST_FILE = MusicPlayer/Info.plist;
				LD_RUNPATH_SEARCH_PATHS = (
					"$(inherited)",
					"@executable_path/Frameworks",
				);
				PRODUCT_BUNDLE_IDENTIFIER = test.MusicPlayer;
				PRODUCT_NAME = "$(TARGET_NAME)";
				SWIFT_VERSION = 4.0;
				TARGETED_DEVICE_FAMILY = "1,2";
			};
			name = Release;
		};
		63DB4DD820FCB165000EF93A /* Debug */ = {
			isa = XCBuildConfiguration;
			buildSettings = {
				ALWAYS_EMBED_SWIFT_STANDARD_LIBRARIES = YES;
				BUNDLE_LOADER = "$(TEST_HOST)";
				CODE_SIGN_STYLE = Automatic;
				INFOPLIST_FILE = MusicPlayerTests/Info.plist;
				LD_RUNPATH_SEARCH_PATHS = (
					"$(inherited)",
					"@executable_path/Frameworks",
					"@loader_path/Frameworks",
				);
				PRODUCT_BUNDLE_IDENTIFIER = test.MusicPlayerTests;
				PRODUCT_NAME = "$(TARGET_NAME)";
				SWIFT_VERSION = 4.0;
				TARGETED_DEVICE_FAMILY = "1,2";
				TEST_HOST = "$(BUILT_PRODUCTS_DIR)/MusicPlayer.app/MusicPlayer";
			};
			name = Debug;
		};
		63DB4DD920FCB165000EF93A /* Release */ = {
			isa = XCBuildConfiguration;
			buildSettings = {
				ALWAYS_EMBED_SWIFT_STANDARD_LIBRARIES = YES;
				BUNDLE_LOADER = "$(TEST_HOST)";
				CODE_SIGN_STYLE = Automatic;
				INFOPLIST_FILE = MusicPlayerTests/Info.plist;
				LD_RUNPATH_SEARCH_PATHS = (
					"$(inherited)",
					"@executable_path/Frameworks",
					"@loader_path/Frameworks",
				);
				PRODUCT_BUNDLE_IDENTIFIER = test.MusicPlayerTests;
				PRODUCT_NAME = "$(TARGET_NAME)";
				SWIFT_VERSION = 4.0;
				TARGETED_DEVICE_FAMILY = "1,2";
				TEST_HOST = "$(BUILT_PRODUCTS_DIR)/MusicPlayer.app/MusicPlayer";
			};
			name = Release;
		};
		63DB4DDB20FCB165000EF93A /* Debug */ = {
			isa = XCBuildConfiguration;
			buildSettings = {
				ALWAYS_EMBED_SWIFT_STANDARD_LIBRARIES = YES;
				CODE_SIGN_STYLE = Automatic;
				INFOPLIST_FILE = MusicPlayerUITests/Info.plist;
				LD_RUNPATH_SEARCH_PATHS = (
					"$(inherited)",
					"@executable_path/Frameworks",
					"@loader_path/Frameworks",
				);
				PRODUCT_BUNDLE_IDENTIFIER = test.MusicPlayerUITests;
				PRODUCT_NAME = "$(TARGET_NAME)";
				SWIFT_VERSION = 4.0;
				TARGETED_DEVICE_FAMILY = "1,2";
				TEST_TARGET_NAME = MusicPlayer;
			};
			name = Debug;
		};
		63DB4DDC20FCB165000EF93A /* Release */ = {
			isa = XCBuildConfiguration;
			buildSettings = {
				ALWAYS_EMBED_SWIFT_STANDARD_LIBRARIES = YES;
				CODE_SIGN_STYLE = Automatic;
				INFOPLIST_FILE = MusicPlayerUITests/Info.plist;
				LD_RUNPATH_SEARCH_PATHS = (
					"$(inherited)",
					"@executable_path/Frameworks",
					"@loader_path/Frameworks",
				);
				PRODUCT_BUNDLE_IDENTIFIER = test.MusicPlayerUITests;
				PRODUCT_NAME = "$(TARGET_NAME)";
				SWIFT_VERSION = 4.0;
				TARGETED_DEVICE_FAMILY = "1,2";
				TEST_TARGET_NAME = MusicPlayer;
			};
			name = Release;
		};
/* End XCBuildConfiguration section */

/* Begin XCConfigurationList section */
		63DB4DA720FCB164000EF93A /* Build configuration list for PBXProject "MusicPlayer" */ = {
			isa = XCConfigurationList;
			buildConfigurations = (
				63DB4DD220FCB165000EF93A /* Debug */,
				63DB4DD320FCB165000EF93A /* Release */,
			);
			defaultConfigurationIsVisible = 0;
			defaultConfigurationName = Release;
		};
		63DB4DD420FCB165000EF93A /* Build configuration list for PBXNativeTarget "MusicPlayer" */ = {
			isa = XCConfigurationList;
			buildConfigurations = (
				63DB4DD520FCB165000EF93A /* Debug */,
				63DB4DD620FCB165000EF93A /* Release */,
			);
			defaultConfigurationIsVisible = 0;
			defaultConfigurationName = Release;
		};
		63DB4DD720FCB165000EF93A /* Build configuration list for PBXNativeTarget "MusicPlayerTests" */ = {
			isa = XCConfigurationList;
			buildConfigurations = (
				63DB4DD820FCB165000EF93A /* Debug */,
				63DB4DD920FCB165000EF93A /* Release */,
			);
			defaultConfigurationIsVisible = 0;
			defaultConfigurationName = Release;
		};
		63DB4DDA20FCB165000EF93A /* Build configuration list for PBXNativeTarget "MusicPlayerUITests" */ = {
			isa = XCConfigurationList;
			buildConfigurations = (
				63DB4DDB20FCB165000EF93A /* Debug */,
				63DB4DDC20FCB165000EF93A /* Release */,
			);
			defaultConfigurationIsVisible = 0;
			defaultConfigurationName = Release;
		};
/* End XCConfigurationList section */
	};
	rootObject = 63DB4DA420FCB164000EF93A /* Project object */;
}
